
Microsoft Visual Studio Solution File, Format Version 12.00
Project("{FAE04EC0-301F-11D3-BF4B-00C04F79EFBC}") = "TrainStationDistance", "TrainStationDistance\TrainStationDistance.csproj", "{48779582-A5EE-47FB-AF8D-52C2031E5155}"
EndProject
Global
	GlobalSection(SolutionConfigurationPlatforms) = preSolution
		Debug|Any CPU = Debug|Any CPU
		Release|Any CPU = Release|Any CPU
	EndGlobalSection
	GlobalSection(ProjectConfigurationPlatforms) = postSolution
		{48779582-A5EE-47FB-AF8D-52C2031E5155}.Debug|Any CPU.ActiveCfg = Debug|Any CPU
		{48779582-A5EE-47FB-AF8D-52C2031E5155}.Debug|Any CPU.Build.0 = Debug|Any CPU
		{48779582-A5EE-47FB-AF8D-52C2031E5155}.Release|Any CPU.ActiveCfg = Release|Any CPU
		{48779582-A5EE-47FB-AF8D-52C2031E5155}.Release|Any CPU.Build.0 = Release|Any CPU
	EndGlobalSection
EndGlobal
